// !$*UTF8*$!
{
	archiveVersion = 1;
	classes = {
	};
	objectVersion = 48;
	objects = {

/* Begin PBXBuildFile section */
		0F03E34F205FC190007A42D0 /* XL_dizhi_ViewController.swift in Sources */ = {isa = PBXBuildFile; fileRef = 0F03E34E205FC190007A42D0 /* XL_dizhi_ViewController.swift */; };
		0F03E351205FC29A007A42D0 /* XL_Dizhibu_ViewController.swift in Sources */ = {isa = PBXBuildFile; fileRef = 0F03E350205FC29A007A42D0 /* XL_Dizhibu_ViewController.swift */; };
		0F03E353205FC390007A42D0 /* XL_baiduditu_ViewController.swift in Sources */ = {isa = PBXBuildFile; fileRef = 0F03E352205FC390007A42D0 /* XL_baiduditu_ViewController.swift */; };
		0F1197AE2057610A00CA0AFB /* XL_GGXQViewController.swift in Sources */ = {isa = PBXBuildFile; fileRef = 0F1197AD2057610A00CA0AFB /* XL_GGXQViewController.swift */; };
		0F3F8B5320567C2500783C53 /* XL_DrawerViewController.swift in Sources */ = {isa = PBXBuildFile; fileRef = 0F3F8B5220567C2500783C53 /* XL_DrawerViewController.swift */; };
		0F45F492204E39A10043E96F /* XL_QuanJu.swift in Sources */ = {isa = PBXBuildFile; fileRef = 0F45F491204E39A10043E96F /* XL_QuanJu.swift */; };
		0F45F494204E43140043E96F /* XL_GuideViewController.swift in Sources */ = {isa = PBXBuildFile; fileRef = 0F45F493204E43140043E96F /* XL_GuideViewController.swift */; };
		0F45F49C204E7A6A0043E96F /* XL_Navi_ViewController.swift in Sources */ = {isa = PBXBuildFile; fileRef = 0F45F49B204E7A6A0043E96F /* XL_Navi_ViewController.swift */; };
		0F45F4A5204EA29F0043E96F /* XL_ShouYe_ViewController.swift in Sources */ = {isa = PBXBuildFile; fileRef = 0F45F4A4204EA29F0043E96F /* XL_ShouYe_ViewController.swift */; };
		0F54B4A320566AA1004CFF7F /* XL_chengshiListViewController.swift in Sources */ = {isa = PBXBuildFile; fileRef = 0F54B4A220566AA1004CFF7F /* XL_chengshiListViewController.swift */; };
		0F5D7CC920513DD500411262 /* CoreLocation.framework in Frameworks */ = {isa = PBXBuildFile; fileRef = 0F5D7CC820513DD500411262 /* CoreLocation.framework */; };
		0F5D7CCB20513DDD00411262 /* SystemConfiguration.framework in Frameworks */ = {isa = PBXBuildFile; fileRef = 0F5D7CCA20513DDD00411262 /* SystemConfiguration.framework */; };
		0F5D7CCD20513DE300411262 /* Security.framework in Frameworks */ = {isa = PBXBuildFile; fileRef = 0F5D7CCC20513DE300411262 /* Security.framework */; };
		0F5D7CCF20513DEE00411262 /* libsqlite3.0.tbd in Frameworks */ = {isa = PBXBuildFile; fileRef = 0F5D7CCE20513DEE00411262 /* libsqlite3.0.tbd */; };
		0F5D7CD120513DFE00411262 /* CoreTelephony.framework in Frameworks */ = {isa = PBXBuildFile; fileRef = 0F5D7CD020513DFE00411262 /* CoreTelephony.framework */; };
		0F5D7CD320513E0A00411262 /* libstdc++.6.0.9.tbd in Frameworks */ = {isa = PBXBuildFile; fileRef = 0F5D7CD220513E0A00411262 /* libstdc++.6.0.9.tbd */; };
		0F5D7CD520513E1800411262 /* AdSupport.framework in Frameworks */ = {isa = PBXBuildFile; fileRef = 0F5D7CD420513E1800411262 /* AdSupport.framework */; };
		0F65341220466D4800FF347F /* MainTableViewController.swift in Sources */ = {isa = PBXBuildFile; fileRef = 0F65341020466D4800FF347F /* MainTableViewController.swift */; };
		0F65341520466F2E00FF347F /* secViewController.swift in Sources */ = {isa = PBXBuildFile; fileRef = 0F65341420466F2E00FF347F /* secViewController.swift */; };
		0F9875972044E72E00C34111 /* AppDelegate.swift in Sources */ = {isa = PBXBuildFile; fileRef = 0F9875962044E72E00C34111 /* AppDelegate.swift */; };
		0F98759C2044E72E00C34111 /* Main.storyboard in Resources */ = {isa = PBXBuildFile; fileRef = 0F98759A2044E72E00C34111 /* Main.storyboard */; };
		0F98759E2044E72E00C34111 /* Assets.xcassets in Resources */ = {isa = PBXBuildFile; fileRef = 0F98759D2044E72E00C34111 /* Assets.xcassets */; };
		0F9875A12044E72E00C34111 /* LaunchScreen.storyboard in Resources */ = {isa = PBXBuildFile; fileRef = 0F98759F2044E72E00C34111 /* LaunchScreen.storyboard */; };
		0F9875AC2044E72F00C34111 /* TuSouSouTests.swift in Sources */ = {isa = PBXBuildFile; fileRef = 0F9875AB2044E72F00C34111 /* TuSouSouTests.swift */; };
		0F9875B72044E72F00C34111 /* TuSouSouUITests.swift in Sources */ = {isa = PBXBuildFile; fileRef = 0F9875B62044E72F00C34111 /* TuSouSouUITests.swift */; };
		0FBD75F120567CD1004A8571 /* XL_LeftMenuViewController.swift in Sources */ = {isa = PBXBuildFile; fileRef = 0FBD75F020567CD1004A8571 /* XL_LeftMenuViewController.swift */; };
		0FDDB4032056DD0400522188 /* XL_GuanggaoViewController.swift in Sources */ = {isa = PBXBuildFile; fileRef = 0FDDB4022056DD0400522188 /* XL_GuanggaoViewController.swift */; };
		0FE54CE320523627005ADCC0 /* QuartzCore.framework in Frameworks */ = {isa = PBXBuildFile; fileRef = 0FE54CE220523627005ADCC0 /* QuartzCore.framework */; };
		0FE54CE52052362E005ADCC0 /* OpenGLES.framework in Frameworks */ = {isa = PBXBuildFile; fileRef = 0FE54CE42052362E005ADCC0 /* OpenGLES.framework */; };
		0FE54CE72052363F005ADCC0 /* CoreGraphics.framework in Frameworks */ = {isa = PBXBuildFile; fileRef = 0FE54CE62052363F005ADCC0 /* CoreGraphics.framework */; };
		AB0B537FD70EC5357A512087 /* Pods_TuSouSou.framework in Frameworks */ = {isa = PBXBuildFile; fileRef = FB2F0D23C490206054994EFD /* Pods_TuSouSou.framework */; };
/* End PBXBuildFile section */

/* Begin PBXContainerItemProxy section */
		0F9875A82044E72F00C34111 /* PBXContainerItemProxy */ = {
			isa = PBXContainerItemProxy;
			containerPortal = 0F98758B2044E72E00C34111 /* Project object */;
			proxyType = 1;
			remoteGlobalIDString = 0F9875922044E72E00C34111;
			remoteInfo = TuSouSou;
		};
		0F9875B32044E72F00C34111 /* PBXContainerItemProxy */ = {
			isa = PBXContainerItemProxy;
			containerPortal = 0F98758B2044E72E00C34111 /* Project object */;
			proxyType = 1;
			remoteGlobalIDString = 0F9875922044E72E00C34111;
			remoteInfo = TuSouSou;
		};
/* End PBXContainerItemProxy section */

/* Begin PBXFileReference section */
		0F03E34E205FC190007A42D0 /* XL_dizhi_ViewController.swift */ = {isa = PBXFileReference; lastKnownFileType = sourcecode.swift; path = XL_dizhi_ViewController.swift; sourceTree = "<group>"; };
		0F03E350205FC29A007A42D0 /* XL_Dizhibu_ViewController.swift */ = {isa = PBXFileReference; lastKnownFileType = sourcecode.swift; path = XL_Dizhibu_ViewController.swift; sourceTree = "<group>"; };
		0F03E352205FC390007A42D0 /* XL_baiduditu_ViewController.swift */ = {isa = PBXFileReference; lastKnownFileType = sourcecode.swift; path = XL_baiduditu_ViewController.swift; sourceTree = "<group>"; };
		0F1197AD2057610A00CA0AFB /* XL_GGXQViewController.swift */ = {isa = PBXFileReference; lastKnownFileType = sourcecode.swift; path = XL_GGXQViewController.swift; sourceTree = "<group>"; };
		0F3F8B5220567C2500783C53 /* XL_DrawerViewController.swift */ = {isa = PBXFileReference; lastKnownFileType = sourcecode.swift; path = XL_DrawerViewController.swift; sourceTree = "<group>"; };
		0F45F491204E39A10043E96F /* XL_QuanJu.swift */ = {isa = PBXFileReference; lastKnownFileType = sourcecode.swift; path = XL_QuanJu.swift; sourceTree = "<group>"; };
		0F45F493204E43140043E96F /* XL_GuideViewController.swift */ = {isa = PBXFileReference; lastKnownFileType = sourcecode.swift; path = XL_GuideViewController.swift; sourceTree = "<group>"; };
		0F45F49B204E7A6A0043E96F /* XL_Navi_ViewController.swift */ = {isa = PBXFileReference; lastKnownFileType = sourcecode.swift; path = XL_Navi_ViewController.swift; sourceTree = "<group>"; };
		0F45F4A4204EA29F0043E96F /* XL_ShouYe_ViewController.swift */ = {isa = PBXFileReference; lastKnownFileType = sourcecode.swift; path = XL_ShouYe_ViewController.swift; sourceTree = "<group>"; };
		0F54B4A220566AA1004CFF7F /* XL_chengshiListViewController.swift */ = {isa = PBXFileReference; lastKnownFileType = sourcecode.swift; path = XL_chengshiListViewController.swift; sourceTree = "<group>"; };
		0F5D7CC820513DD500411262 /* CoreLocation.framework */ = {isa = PBXFileReference; lastKnownFileType = wrapper.framework; name = CoreLocation.framework; path = System/Library/Frameworks/CoreLocation.framework; sourceTree = SDKROOT; };
		0F5D7CCA20513DDD00411262 /* SystemConfiguration.framework */ = {isa = PBXFileReference; lastKnownFileType = wrapper.framework; name = SystemConfiguration.framework; path = System/Library/Frameworks/SystemConfiguration.framework; sourceTree = SDKROOT; };
		0F5D7CCC20513DE300411262 /* Security.framework */ = {isa = PBXFileReference; lastKnownFileType = wrapper.framework; name = Security.framework; path = System/Library/Frameworks/Security.framework; sourceTree = SDKROOT; };
		0F5D7CCE20513DEE00411262 /* libsqlite3.0.tbd */ = {isa = PBXFileReference; lastKnownFileType = "sourcecode.text-based-dylib-definition"; name = libsqlite3.0.tbd; path = usr/lib/libsqlite3.0.tbd; sourceTree = SDKROOT; };
		0F5D7CD020513DFE00411262 /* CoreTelephony.framework */ = {isa = PBXFileReference; lastKnownFileType = wrapper.framework; name = CoreTelephony.framework; path = System/Library/Frameworks/CoreTelephony.framework; sourceTree = SDKROOT; };
		0F5D7CD220513E0A00411262 /* libstdc++.6.0.9.tbd */ = {isa = PBXFileReference; lastKnownFileType = "sourcecode.text-based-dylib-definition"; name = "libstdc++.6.0.9.tbd"; path = "usr/lib/libstdc++.6.0.9.tbd"; sourceTree = SDKROOT; };
		0F5D7CD420513E1800411262 /* AdSupport.framework */ = {isa = PBXFileReference; lastKnownFileType = wrapper.framework; name = AdSupport.framework; path = System/Library/Frameworks/AdSupport.framework; sourceTree = SDKROOT; };
		0F65341020466D4800FF347F /* MainTableViewController.swift */ = {isa = PBXFileReference; lastKnownFileType = sourcecode.swift; path = MainTableViewController.swift; sourceTree = "<group>"; };
		0F65341420466F2E00FF347F /* secViewController.swift */ = {isa = PBXFileReference; lastKnownFileType = sourcecode.swift; path = secViewController.swift; sourceTree = "<group>"; };
		0F9875932044E72E00C34111 /* TuSouSou.app */ = {isa = PBXFileReference; explicitFileType = wrapper.application; includeInIndex = 0; path = TuSouSou.app; sourceTree = BUILT_PRODUCTS_DIR; };
		0F9875962044E72E00C34111 /* AppDelegate.swift */ = {isa = PBXFileReference; lastKnownFileType = sourcecode.swift; path = AppDelegate.swift; sourceTree = "<group>"; };
		0F98759B2044E72E00C34111 /* Base */ = {isa = PBXFileReference; lastKnownFileType = file.storyboard; name = Base; path = Base.lproj/Main.storyboard; sourceTree = "<group>"; };
		0F98759D2044E72E00C34111 /* Assets.xcassets */ = {isa = PBXFileReference; lastKnownFileType = folder.assetcatalog; path = Assets.xcassets; sourceTree = "<group>"; };
		0F9875A02044E72E00C34111 /* Base */ = {isa = PBXFileReference; lastKnownFileType = file.storyboard; name = Base; path = Base.lproj/LaunchScreen.storyboard; sourceTree = "<group>"; };
		0F9875A22044E72E00C34111 /* Info.plist */ = {isa = PBXFileReference; lastKnownFileType = text.plist.xml; path = Info.plist; sourceTree = "<group>"; };
		0F9875A72044E72F00C34111 /* TuSouSouTests.xctest */ = {isa = PBXFileReference; explicitFileType = wrapper.cfbundle; includeInIndex = 0; path = TuSouSouTests.xctest; sourceTree = BUILT_PRODUCTS_DIR; };
		0F9875AB2044E72F00C34111 /* TuSouSouTests.swift */ = {isa = PBXFileReference; lastKnownFileType = sourcecode.swift; path = TuSouSouTests.swift; sourceTree = "<group>"; };
		0F9875AD2044E72F00C34111 /* Info.plist */ = {isa = PBXFileReference; lastKnownFileType = text.plist.xml; path = Info.plist; sourceTree = "<group>"; };
		0F9875B22044E72F00C34111 /* TuSouSouUITests.xctest */ = {isa = PBXFileReference; explicitFileType = wrapper.cfbundle; includeInIndex = 0; path = TuSouSouUITests.xctest; sourceTree = BUILT_PRODUCTS_DIR; };
		0F9875B62044E72F00C34111 /* TuSouSouUITests.swift */ = {isa = PBXFileReference; lastKnownFileType = sourcecode.swift; path = TuSouSouUITests.swift; sourceTree = "<group>"; };
		0F9875B82044E72F00C34111 /* Info.plist */ = {isa = PBXFileReference; lastKnownFileType = text.plist.xml; path = Info.plist; sourceTree = "<group>"; };
		0F9875D82044E98900C34111 /* TuSouSou-Bridging-Header.h */ = {isa = PBXFileReference; lastKnownFileType = sourcecode.c.h; path = "TuSouSou-Bridging-Header.h"; sourceTree = "<group>"; };
		0FBD75F020567CD1004A8571 /* XL_LeftMenuViewController.swift */ = {isa = PBXFileReference; lastKnownFileType = sourcecode.swift; path = XL_LeftMenuViewController.swift; sourceTree = "<group>"; };
		0FDBE002205231A6005C03FA /* TuSouSou.entitlements */ = {isa = PBXFileReference; lastKnownFileType = text.plist.entitlements; path = TuSouSou.entitlements; sourceTree = "<group>"; };
		0FDDB4022056DD0400522188 /* XL_GuanggaoViewController.swift */ = {isa = PBXFileReference; lastKnownFileType = sourcecode.swift; path = XL_GuanggaoViewController.swift; sourceTree = "<group>"; };
		0FE54CE220523627005ADCC0 /* QuartzCore.framework */ = {isa = PBXFileReference; lastKnownFileType = wrapper.framework; name = QuartzCore.framework; path = System/Library/Frameworks/QuartzCore.framework; sourceTree = SDKROOT; };
		0FE54CE42052362E005ADCC0 /* OpenGLES.framework */ = {isa = PBXFileReference; lastKnownFileType = wrapper.framework; name = OpenGLES.framework; path = System/Library/Frameworks/OpenGLES.framework; sourceTree = SDKROOT; };
		0FE54CE62052363F005ADCC0 /* CoreGraphics.framework */ = {isa = PBXFileReference; lastKnownFileType = wrapper.framework; name = CoreGraphics.framework; path = System/Library/Frameworks/CoreGraphics.framework; sourceTree = SDKROOT; };
		461B93E68B998FB59970634D /* Pods-TuSouSou.release.xcconfig */ = {isa = PBXFileReference; includeInIndex = 1; lastKnownFileType = text.xcconfig; name = "Pods-TuSouSou.release.xcconfig"; path = "Pods/Target Support Files/Pods-TuSouSou/Pods-TuSouSou.release.xcconfig"; sourceTree = "<group>"; };
		5C5004F705772966345F46E2 /* Pods-TuSouSou.debug.xcconfig */ = {isa = PBXFileReference; includeInIndex = 1; lastKnownFileType = text.xcconfig; name = "Pods-TuSouSou.debug.xcconfig"; path = "Pods/Target Support Files/Pods-TuSouSou/Pods-TuSouSou.debug.xcconfig"; sourceTree = "<group>"; };
		FB2F0D23C490206054994EFD /* Pods_TuSouSou.framework */ = {isa = PBXFileReference; explicitFileType = wrapper.framework; includeInIndex = 0; path = Pods_TuSouSou.framework; sourceTree = BUILT_PRODUCTS_DIR; };
/* End PBXFileReference section */

/* Begin PBXFrameworksBuildPhase section */
		0F9875902044E72E00C34111 /* Frameworks */ = {
			isa = PBXFrameworksBuildPhase;
			buildActionMask = 2147483647;
			files = (
				0FE54CE72052363F005ADCC0 /* CoreGraphics.framework in Frameworks */,
				0FE54CE52052362E005ADCC0 /* OpenGLES.framework in Frameworks */,
				0FE54CE320523627005ADCC0 /* QuartzCore.framework in Frameworks */,
				0F5D7CD520513E1800411262 /* AdSupport.framework in Frameworks */,
				0F5D7CD320513E0A00411262 /* libstdc++.6.0.9.tbd in Frameworks */,
				0F5D7CD120513DFE00411262 /* CoreTelephony.framework in Frameworks */,
				0F5D7CCF20513DEE00411262 /* libsqlite3.0.tbd in Frameworks */,
				0F5D7CCD20513DE300411262 /* Security.framework in Frameworks */,
				0F5D7CCB20513DDD00411262 /* SystemConfiguration.framework in Frameworks */,
				0F5D7CC920513DD500411262 /* CoreLocation.framework in Frameworks */,
				AB0B537FD70EC5357A512087 /* Pods_TuSouSou.framework in Frameworks */,
			);
			runOnlyForDeploymentPostprocessing = 0;
		};
		0F9875A42044E72F00C34111 /* Frameworks */ = {
			isa = PBXFrameworksBuildPhase;
			buildActionMask = 2147483647;
			files = (
			);
			runOnlyForDeploymentPostprocessing = 0;
		};
		0F9875AF2044E72F00C34111 /* Frameworks */ = {
			isa = PBXFrameworksBuildPhase;
			buildActionMask = 2147483647;
			files = (
			);
			runOnlyForDeploymentPostprocessing = 0;
		};
/* End PBXFrameworksBuildPhase section */

/* Begin PBXGroup section */
		0F03E34D205FC175007A42D0 /* 地址簿 */ = {
			isa = PBXGroup;
			children = (
				0F03E34E205FC190007A42D0 /* XL_dizhi_ViewController.swift */,
				0F03E350205FC29A007A42D0 /* XL_Dizhibu_ViewController.swift */,
				0F03E352205FC390007A42D0 /* XL_baiduditu_ViewController.swift */,
			);
			path = "地址簿";
			sourceTree = "<group>";
		};
		0F0DB34820566A39006E7537 /* 城市列表 */ = {
			isa = PBXGroup;
			children = (
				0F54B4A220566AA1004CFF7F /* XL_chengshiListViewController.swift */,
			);
			path = "城市列表";
			sourceTree = "<group>";
		};
		0F3F8B5120567BD600783C53 /* 侧滑栏 */ = {
			isa = PBXGroup;
			children = (
				0F3F8B5220567C2500783C53 /* XL_DrawerViewController.swift */,
				0FBD75F020567CD1004A8571 /* XL_LeftMenuViewController.swift */,
			);
			path = "侧滑栏";
			sourceTree = "<group>";
		};
		0F45F48C204E38700043E96F /* 基础 */ = {
			isa = PBXGroup;
			children = (
				0F98759D2044E72E00C34111 /* Assets.xcassets */,
				0F98759A2044E72E00C34111 /* Main.storyboard */,
				0F9875962044E72E00C34111 /* AppDelegate.swift */,
			);
			path = "基础";
			sourceTree = "<group>";
		};
		0F45F48D204E38910043E96F /* OC-Swift桥连接 */ = {
			isa = PBXGroup;
			children = (
				0F9875D82044E98900C34111 /* TuSouSou-Bridging-Header.h */,
			);
			path = "OC-Swift桥连接";
			sourceTree = "<group>";
		};
		0F45F48F204E38F30043E96F /* 首页 */ = {
			isa = PBXGroup;
			children = (
				0F45F4A4204EA29F0043E96F /* XL_ShouYe_ViewController.swift */,
				0F03E34D205FC175007A42D0 /* 地址簿 */,
				0F0DB34820566A39006E7537 /* 城市列表 */,
			);
			path = "首页";
			sourceTree = "<group>";
		};
		0F45F490204E39490043E96F /* 全项目全局常量 */ = {
			isa = PBXGroup;
			children = (
				0F45F491204E39A10043E96F /* XL_QuanJu.swift */,
			);
			path = "全项目全局常量";
			sourceTree = "<group>";
		};
		0F45F49D204E843B0043E96F /* 启动页+广告页+引导页 */ = {
			isa = PBXGroup;
			children = (
				0F98759F2044E72E00C34111 /* LaunchScreen.storyboard */,
				0F45F493204E43140043E96F /* XL_GuideViewController.swift */,
				0F45F49B204E7A6A0043E96F /* XL_Navi_ViewController.swift */,
				0FDDB4022056DD0400522188 /* XL_GuanggaoViewController.swift */,
				0F1197AD2057610A00CA0AFB /* XL_GGXQViewController.swift */,
			);
			path = "启动页+广告页+引导页";
			sourceTree = "<group>";
		};
		0F98758A2044E72E00C34111 = {
			isa = PBXGroup;
			children = (
				0F9875952044E72E00C34111 /* TuSouSou */,
				0F9875AA2044E72F00C34111 /* TuSouSouTests */,
				0F9875B52044E72F00C34111 /* TuSouSouUITests */,
				0F9875942044E72E00C34111 /* Products */,
				DB45E10CA59DE3D96F2F8B91 /* Pods */,
				758FB1391E2E3F9959FA6227 /* Frameworks */,
			);
			sourceTree = "<group>";
		};
		0F9875942044E72E00C34111 /* Products */ = {
			isa = PBXGroup;
			children = (
				0F9875932044E72E00C34111 /* TuSouSou.app */,
				0F9875A72044E72F00C34111 /* TuSouSouTests.xctest */,
				0F9875B22044E72F00C34111 /* TuSouSouUITests.xctest */,
			);
			name = Products;
			sourceTree = "<group>";
		};
		0F9875952044E72E00C34111 /* TuSouSou */ = {
			isa = PBXGroup;
			children = (
				0FDBE002205231A6005C03FA /* TuSouSou.entitlements */,
				0F3F8B5120567BD600783C53 /* 侧滑栏 */,
				0F45F490204E39490043E96F /* 全项目全局常量 */,
				0F45F48F204E38F30043E96F /* 首页 */,
				0F45F49D204E843B0043E96F /* 启动页+广告页+引导页 */,
				0F45F48D204E38910043E96F /* OC-Swift桥连接 */,
				0F45F48C204E38700043E96F /* 基础 */,
				0F65341020466D4800FF347F /* MainTableViewController.swift */,
				0F65341420466F2E00FF347F /* secViewController.swift */,
				0F9875A22044E72E00C34111 /* Info.plist */,
			);
			path = TuSouSou;
			sourceTree = "<group>";
		};
		0F9875AA2044E72F00C34111 /* TuSouSouTests */ = {
			isa = PBXGroup;
			children = (
				0F9875AB2044E72F00C34111 /* TuSouSouTests.swift */,
				0F9875AD2044E72F00C34111 /* Info.plist */,
			);
			path = TuSouSouTests;
			sourceTree = "<group>";
		};
		0F9875B52044E72F00C34111 /* TuSouSouUITests */ = {
			isa = PBXGroup;
			children = (
				0F9875B62044E72F00C34111 /* TuSouSouUITests.swift */,
				0F9875B82044E72F00C34111 /* Info.plist */,
			);
			path = TuSouSouUITests;
			sourceTree = "<group>";
		};
		758FB1391E2E3F9959FA6227 /* Frameworks */ = {
			isa = PBXGroup;
			children = (
				0FE54CE62052363F005ADCC0 /* CoreGraphics.framework */,
				0FE54CE42052362E005ADCC0 /* OpenGLES.framework */,
				0FE54CE220523627005ADCC0 /* QuartzCore.framework */,
				0F5D7CD420513E1800411262 /* AdSupport.framework */,
				0F5D7CD220513E0A00411262 /* libstdc++.6.0.9.tbd */,
				0F5D7CD020513DFE00411262 /* CoreTelephony.framework */,
				0F5D7CCE20513DEE00411262 /* libsqlite3.0.tbd */,
				0F5D7CCC20513DE300411262 /* Security.framework */,
				0F5D7CCA20513DDD00411262 /* SystemConfiguration.framework */,
				0F5D7CC820513DD500411262 /* CoreLocation.framework */,
				FB2F0D23C490206054994EFD /* Pods_TuSouSou.framework */,
			);
			name = Frameworks;
			sourceTree = "<group>";
		};
		DB45E10CA59DE3D96F2F8B91 /* Pods */ = {
			isa = PBXGroup;
			children = (
				5C5004F705772966345F46E2 /* Pods-TuSouSou.debug.xcconfig */,
				461B93E68B998FB59970634D /* Pods-TuSouSou.release.xcconfig */,
			);
			name = Pods;
			sourceTree = "<group>";
		};
/* End PBXGroup section */

/* Begin PBXNativeTarget section */
		0F9875922044E72E00C34111 /* TuSouSou */ = {
			isa = PBXNativeTarget;
			buildConfigurationList = 0F9875BB2044E72F00C34111 /* Build configuration list for PBXNativeTarget "TuSouSou" */;
			buildPhases = (
				4EE1DFCD1305D34F5A7A8685 /* [CP] Check Pods Manifest.lock */,
				0F98758F2044E72E00C34111 /* Sources */,
				0F9875902044E72E00C34111 /* Frameworks */,
				0F9875912044E72E00C34111 /* Resources */,
				969BFBFFF5F4FA39D03B232E /* [CP] Embed Pods Frameworks */,
				A5F87F968039FAE0D1C90F48 /* [CP] Copy Pods Resources */,
			);
			buildRules = (
			);
			dependencies = (
			);
			name = TuSouSou;
			productName = TuSouSou;
			productReference = 0F9875932044E72E00C34111 /* TuSouSou.app */;
			productType = "com.apple.product-type.application";
		};
		0F9875A62044E72F00C34111 /* TuSouSouTests */ = {
			isa = PBXNativeTarget;
			buildConfigurationList = 0F9875BE2044E72F00C34111 /* Build configuration list for PBXNativeTarget "TuSouSouTests" */;
			buildPhases = (
				0F9875A32044E72F00C34111 /* Sources */,
				0F9875A42044E72F00C34111 /* Frameworks */,
				0F9875A52044E72F00C34111 /* Resources */,
			);
			buildRules = (
			);
			dependencies = (
				0F9875A92044E72F00C34111 /* PBXTargetDependency */,
			);
			name = TuSouSouTests;
			productName = TuSouSouTests;
			productReference = 0F9875A72044E72F00C34111 /* TuSouSouTests.xctest */;
			productType = "com.apple.product-type.bundle.unit-test";
		};
		0F9875B12044E72F00C34111 /* TuSouSouUITests */ = {
			isa = PBXNativeTarget;
			buildConfigurationList = 0F9875C12044E72F00C34111 /* Build configuration list for PBXNativeTarget "TuSouSouUITests" */;
			buildPhases = (
				0F9875AE2044E72F00C34111 /* Sources */,
				0F9875AF2044E72F00C34111 /* Frameworks */,
				0F9875B02044E72F00C34111 /* Resources */,
			);
			buildRules = (
			);
			dependencies = (
				0F9875B42044E72F00C34111 /* PBXTargetDependency */,
			);
			name = TuSouSouUITests;
			productName = TuSouSouUITests;
			productReference = 0F9875B22044E72F00C34111 /* TuSouSouUITests.xctest */;
			productType = "com.apple.product-type.bundle.ui-testing";
		};
/* End PBXNativeTarget section */

/* Begin PBXProject section */
		0F98758B2044E72E00C34111 /* Project object */ = {
			isa = PBXProject;
			attributes = {
				CLASSPREFIX = XL_;
				LastSwiftUpdateCheck = 0920;
				LastUpgradeCheck = 0920;
				ORGANIZATIONNAME = "爱普易峰";
				TargetAttributes = {
					0F9875922044E72E00C34111 = {
						CreatedOnToolsVersion = 9.2;
						LastSwiftMigration = 0920;
						ProvisioningStyle = Automatic;
						SystemCapabilities = {
							com.apple.Push = {
								enabled = 1;
							};
						};
					};
					0F9875A62044E72F00C34111 = {
						CreatedOnToolsVersion = 9.2;
						ProvisioningStyle = Automatic;
						TestTargetID = 0F9875922044E72E00C34111;
					};
					0F9875B12044E72F00C34111 = {
						CreatedOnToolsVersion = 9.2;
						ProvisioningStyle = Automatic;
						TestTargetID = 0F9875922044E72E00C34111;
					};
				};
			};
			buildConfigurationList = 0F98758E2044E72E00C34111 /* Build configuration list for PBXProject "TuSouSou" */;
			compatibilityVersion = "Xcode 8.0";
			developmentRegion = en;
			hasScannedForEncodings = 0;
			knownRegions = (
				en,
				Base,
			);
			mainGroup = 0F98758A2044E72E00C34111;
			productRefGroup = 0F9875942044E72E00C34111 /* Products */;
			projectDirPath = "";
			projectRoot = "";
			targets = (
				0F9875922044E72E00C34111 /* TuSouSou */,
				0F9875A62044E72F00C34111 /* TuSouSouTests */,
				0F9875B12044E72F00C34111 /* TuSouSouUITests */,
			);
		};
/* End PBXProject section */

/* Begin PBXResourcesBuildPhase section */
		0F9875912044E72E00C34111 /* Resources */ = {
			isa = PBXResourcesBuildPhase;
			buildActionMask = 2147483647;
			files = (
				0F9875A12044E72E00C34111 /* LaunchScreen.storyboard in Resources */,
				0F98759E2044E72E00C34111 /* Assets.xcassets in Resources */,
				0F98759C2044E72E00C34111 /* Main.storyboard in Resources */,
			);
			runOnlyForDeploymentPostprocessing = 0;
		};
		0F9875A52044E72F00C34111 /* Resources */ = {
			isa = PBXResourcesBuildPhase;
			buildActionMask = 2147483647;
			files = (
			);
			runOnlyForDeploymentPostprocessing = 0;
		};
		0F9875B02044E72F00C34111 /* Resources */ = {
			isa = PBXResourcesBuildPhase;
			buildActionMask = 2147483647;
			files = (
			);
			runOnlyForDeploymentPostprocessing = 0;
		};
/* End PBXResourcesBuildPhase section */

/* Begin PBXShellScriptBuildPhase section */
		4EE1DFCD1305D34F5A7A8685 /* [CP] Check Pods Manifest.lock */ = {
			isa = PBXShellScriptBuildPhase;
			buildActionMask = 2147483647;
			files = (
			);
			inputPaths = (
				"${PODS_PODFILE_DIR_PATH}/Podfile.lock",
				"${PODS_ROOT}/Manifest.lock",
			);
			name = "[CP] Check Pods Manifest.lock";
			outputPaths = (
				"$(DERIVED_FILE_DIR)/Pods-TuSouSou-checkManifestLockResult.txt",
			);
			runOnlyForDeploymentPostprocessing = 0;
			shellPath = /bin/sh;
			shellScript = "diff \"${PODS_PODFILE_DIR_PATH}/Podfile.lock\" \"${PODS_ROOT}/Manifest.lock\" > /dev/null\nif [ $? != 0 ] ; then\n    # print error to STDERR\n    echo \"error: The sandbox is not in sync with the Podfile.lock. Run 'pod install' or update your CocoaPods installation.\" >&2\n    exit 1\nfi\n# This output is used by Xcode 'outputs' to avoid re-running this script phase.\necho \"SUCCESS\" > \"${SCRIPT_OUTPUT_FILE_0}\"\n";
			showEnvVarsInLog = 0;
		};
		969BFBFFF5F4FA39D03B232E /* [CP] Embed Pods Frameworks */ = {
			isa = PBXShellScriptBuildPhase;
			buildActionMask = 2147483647;
			files = (
			);
			inputPaths = (
				"${SRCROOT}/Pods/Target Support Files/Pods-TuSouSou/Pods-TuSouSou-frameworks.sh",
				"${BUILT_PRODUCTS_DIR}/Alamofire/Alamofire.framework",
				"${BUILT_PRODUCTS_DIR}/MBProgressHUD/MBProgressHUD.framework",
				"${BUILT_PRODUCTS_DIR}/MJRefresh/MJRefresh.framework",
				"${BUILT_PRODUCTS_DIR}/SDWebImage/SDWebImage.framework",
				"${BUILT_PRODUCTS_DIR}/SwiftyJSON/SwiftyJSON.framework",
			);
			name = "[CP] Embed Pods Frameworks";
			outputPaths = (
				"${TARGET_BUILD_DIR}/${FRAMEWORKS_FOLDER_PATH}/Alamofire.framework",
				"${TARGET_BUILD_DIR}/${FRAMEWORKS_FOLDER_PATH}/MBProgressHUD.framework",
				"${TARGET_BUILD_DIR}/${FRAMEWORKS_FOLDER_PATH}/MJRefresh.framework",
				"${TARGET_BUILD_DIR}/${FRAMEWORKS_FOLDER_PATH}/SDWebImage.framework",
				"${TARGET_BUILD_DIR}/${FRAMEWORKS_FOLDER_PATH}/SwiftyJSON.framework",
			);
			runOnlyForDeploymentPostprocessing = 0;
			shellPath = /bin/sh;
			shellScript = "\"${SRCROOT}/Pods/Target Support Files/Pods-TuSouSou/Pods-TuSouSou-frameworks.sh\"\n";
			showEnvVarsInLog = 0;
		};
		A5F87F968039FAE0D1C90F48 /* [CP] Copy Pods Resources */ = {
			isa = PBXShellScriptBuildPhase;
			buildActionMask = 2147483647;
			files = (
			);
			inputPaths = (
				"${SRCROOT}/Pods/Target Support Files/Pods-TuSouSou/Pods-TuSouSou-resources.sh",
				"${PODS_ROOT}/BaiduMapKit/BaiduMapKit/BaiduMapAPI_Map.framework/Resources/mapapi.bundle",
			);
			name = "[CP] Copy Pods Resources";
			outputPaths = (
				"${TARGET_BUILD_DIR}/${UNLOCALIZED_RESOURCES_FOLDER_PATH}/mapapi.bundle",
			);
			runOnlyForDeploymentPostprocessing = 0;
			shellPath = /bin/sh;
			shellScript = "\"${SRCROOT}/Pods/Target Support Files/Pods-TuSouSou/Pods-TuSouSou-resources.sh\"\n";
			showEnvVarsInLog = 0;
		};
/* End PBXShellScriptBuildPhase section */

/* Begin PBXSourcesBuildPhase section */
		0F98758F2044E72E00C34111 /* Sources */ = {
			isa = PBXSourcesBuildPhase;
			buildActionMask = 2147483647;
			files = (
				0F65341220466D4800FF347F /* MainTableViewController.swift in Sources */,
				0F45F49C204E7A6A0043E96F /* XL_Navi_ViewController.swift in Sources */,
				0FDDB4032056DD0400522188 /* XL_GuanggaoViewController.swift in Sources */,
				0F65341520466F2E00FF347F /* secViewController.swift in Sources */,
				0F03E351205FC29A007A42D0 /* XL_Dizhibu_ViewController.swift in Sources */,
				0F45F494204E43140043E96F /* XL_GuideViewController.swift in Sources */,
				0F03E34F205FC190007A42D0 /* XL_dizhi_ViewController.swift in Sources */,
				0F03E353205FC390007A42D0 /* XL_baiduditu_ViewController.swift in Sources */,
				0F54B4A320566AA1004CFF7F /* XL_chengshiListViewController.swift in Sources */,
				0F45F492204E39A10043E96F /* XL_QuanJu.swift in Sources */,
				0F45F4A5204EA29F0043E96F /* XL_ShouYe_ViewController.swift in Sources */,
				0F3F8B5320567C2500783C53 /* XL_DrawerViewController.swift in Sources */,
				0FBD75F120567CD1004A8571 /* XL_LeftMenuViewController.swift in Sources */,
				0F9875972044E72E00C34111 /* AppDelegate.swift in Sources */,
				0F1197AE2057610A00CA0AFB /* XL_GGXQViewController.swift in Sources */,
			);
			runOnlyForDeploymentPostprocessing = 0;
		};
		0F9875A32044E72F00C34111 /* Sources */ = {
			isa = PBXSourcesBuildPhase;
			buildActionMask = 2147483647;
			files = (
				0F9875AC2044E72F00C34111 /* TuSouSouTests.swift in Sources */,
			);
			runOnlyForDeploymentPostprocessing = 0;
		};
		0F9875AE2044E72F00C34111 /* Sources */ = {
			isa = PBXSourcesBuildPhase;
			buildActionMask = 2147483647;
			files = (
				0F9875B72044E72F00C34111 /* TuSouSouUITests.swift in Sources */,
			);
			runOnlyForDeploymentPostprocessing = 0;
		};
/* End PBXSourcesBuildPhase section */

/* Begin PBXTargetDependency section */
		0F9875A92044E72F00C34111 /* PBXTargetDependency */ = {
			isa = PBXTargetDependency;
			target = 0F9875922044E72E00C34111 /* TuSouSou */;
			targetProxy = 0F9875A82044E72F00C34111 /* PBXContainerItemProxy */;
		};
		0F9875B42044E72F00C34111 /* PBXTargetDependency */ = {
			isa = PBXTargetDependency;
			target = 0F9875922044E72E00C34111 /* TuSouSou */;
			targetProxy = 0F9875B32044E72F00C34111 /* PBXContainerItemProxy */;
		};
/* End PBXTargetDependency section */

/* Begin PBXVariantGroup section */
		0F98759A2044E72E00C34111 /* Main.storyboard */ = {
			isa = PBXVariantGroup;
			children = (
				0F98759B2044E72E00C34111 /* Base */,
			);
			name = Main.storyboard;
			sourceTree = "<group>";
		};
		0F98759F2044E72E00C34111 /* LaunchScreen.storyboard */ = {
			isa = PBXVariantGroup;
			children = (
				0F9875A02044E72E00C34111 /* Base */,
			);
			name = LaunchScreen.storyboard;
			sourceTree = "<group>";
		};
/* End PBXVariantGroup section */

/* Begin XCBuildConfiguration section */
		0F9875B92044E72F00C34111 /* Debug */ = {
			isa = XCBuildConfiguration;
			buildSettings = {
				ALWAYS_SEARCH_USER_PATHS = NO;
				CLANG_ANALYZER_NONNULL = YES;
				CLANG_ANALYZER_NUMBER_OBJECT_CONVERSION = YES_AGGRESSIVE;
				CLANG_CXX_LANGUAGE_STANDARD = "gnu++14";
				CLANG_CXX_LIBRARY = "libc++";
				CLANG_ENABLE_MODULES = YES;
				CLANG_ENABLE_OBJC_ARC = YES;
				CLANG_WARN_BLOCK_CAPTURE_AUTORELEASING = YES;
				CLANG_WARN_BOOL_CONVERSION = YES;
				CLANG_WARN_COMMA = YES;
				CLANG_WARN_CONSTANT_CONVERSION = YES;
				CLANG_WARN_DIRECT_OBJC_ISA_USAGE = YES_ERROR;
				CLANG_WARN_DOCUMENTATION_COMMENTS = YES;
				CLANG_WARN_EMPTY_BODY = YES;
				CLANG_WARN_ENUM_CONVERSION = YES;
				CLANG_WARN_INFINITE_RECURSION = YES;
				CLANG_WARN_INT_CONVERSION = YES;
				CLANG_WARN_NON_LITERAL_NULL_CONVERSION = YES;
				CLANG_WARN_OBJC_LITERAL_CONVERSION = YES;
				CLANG_WARN_OBJC_ROOT_CLASS = YES_ERROR;
				CLANG_WARN_RANGE_LOOP_ANALYSIS = YES;
				CLANG_WARN_STRICT_PROTOTYPES = YES;
				CLANG_WARN_SUSPICIOUS_MOVE = YES;
				CLANG_WARN_UNGUARDED_AVAILABILITY = YES_AGGRESSIVE;
				CLANG_WARN_UNREACHABLE_CODE = YES;
				CLANG_WARN__DUPLICATE_METHOD_MATCH = YES;
				CODE_SIGN_IDENTITY = "iPhone Developer";
				COPY_PHASE_STRIP = NO;
				DEBUG_INFORMATION_FORMAT = dwarf;
				ENABLE_STRICT_OBJC_MSGSEND = YES;
				ENABLE_TESTABILITY = YES;
				GCC_C_LANGUAGE_STANDARD = gnu11;
				GCC_DYNAMIC_NO_PIC = NO;
				GCC_NO_COMMON_BLOCKS = YES;
				GCC_OPTIMIZATION_LEVEL = 0;
				GCC_PREPROCESSOR_DEFINITIONS = (
					"DEBUG=1",
					"$(inherited)",
				);
				GCC_WARN_64_TO_32_BIT_CONVERSION = YES;
				GCC_WARN_ABOUT_RETURN_TYPE = YES_ERROR;
				GCC_WARN_UNDECLARED_SELECTOR = YES;
				GCC_WARN_UNINITIALIZED_AUTOS = YES_AGGRESSIVE;
				GCC_WARN_UNUSED_FUNCTION = YES;
				GCC_WARN_UNUSED_VARIABLE = YES;
				IPHONEOS_DEPLOYMENT_TARGET = 11.2;
				MTL_ENABLE_DEBUG_INFO = YES;
				ONLY_ACTIVE_ARCH = YES;
				SDKROOT = iphoneos;
				SWIFT_ACTIVE_COMPILATION_CONDITIONS = DEBUG;
				SWIFT_OPTIMIZATION_LEVEL = "-Onone";
			};
			name = Debug;
		};
		0F9875BA2044E72F00C34111 /* Release */ = {
			isa = XCBuildConfiguration;
			buildSettings = {
				ALWAYS_SEARCH_USER_PATHS = NO;
				CLANG_ANALYZER_NONNULL = YES;
				CLANG_ANALYZER_NUMBER_OBJECT_CONVERSION = YES_AGGRESSIVE;
				CLANG_CXX_LANGUAGE_STANDARD = "gnu++14";
				CLANG_CXX_LIBRARY = "libc++";
				CLANG_ENABLE_MODULES = YES;
				CLANG_ENABLE_OBJC_ARC = YES;
				CLANG_WARN_BLOCK_CAPTURE_AUTORELEASING = YES;
				CLANG_WARN_BOOL_CONVERSION = YES;
				CLANG_WARN_COMMA = YES;
				CLANG_WARN_CONSTANT_CONVERSION = YES;
				CLANG_WARN_DIRECT_OBJC_ISA_USAGE = YES_ERROR;
				CLANG_WARN_DOCUMENTATION_COMMENTS = YES;
				CLANG_WARN_EMPTY_BODY = YES;
				CLANG_WARN_ENUM_CONVERSION = YES;
				CLANG_WARN_INFINITE_RECURSION = YES;
				CLANG_WARN_INT_CONVERSION = YES;
				CLANG_WARN_NON_LITERAL_NULL_CONVERSION = YES;
				CLANG_WARN_OBJC_LITERAL_CONVERSION = YES;
				CLANG_WARN_OBJC_ROOT_CLASS = YES_ERROR;
				CLANG_WARN_RANGE_LOOP_ANALYSIS = YES;
				CLANG_WARN_STRICT_PROTOTYPES = YES;
				CLANG_WARN_SUSPICIOUS_MOVE = YES;
				CLANG_WARN_UNGUARDED_AVAILABILITY = YES_AGGRESSIVE;
				CLANG_WARN_UNREACHABLE_CODE = YES;
				CLANG_WARN__DUPLICATE_METHOD_MATCH = YES;
				CODE_SIGN_IDENTITY = "iPhone Developer";
				COPY_PHASE_STRIP = NO;
				DEBUG_INFORMATION_FORMAT = "dwarf-with-dsym";
				ENABLE_NS_ASSERTIONS = NO;
				ENABLE_STRICT_OBJC_MSGSEND = YES;
				GCC_C_LANGUAGE_STANDARD = gnu11;
				GCC_NO_COMMON_BLOCKS = YES;
				GCC_WARN_64_TO_32_BIT_CONVERSION = YES;
				GCC_WARN_ABOUT_RETURN_TYPE = YES_ERROR;
				GCC_WARN_UNDECLARED_SELECTOR = YES;
				GCC_WARN_UNINITIALIZED_AUTOS = YES_AGGRESSIVE;
				GCC_WARN_UNUSED_FUNCTION = YES;
				GCC_WARN_UNUSED_VARIABLE = YES;
				IPHONEOS_DEPLOYMENT_TARGET = 11.2;
				MTL_ENABLE_DEBUG_INFO = NO;
				SDKROOT = iphoneos;
				SWIFT_OPTIMIZATION_LEVEL = "-Owholemodule";
				VALIDATE_PRODUCT = YES;
			};
			name = Release;
		};
		0F9875BC2044E72F00C34111 /* Debug */ = {
			isa = XCBuildConfiguration;
			baseConfigurationReference = 5C5004F705772966345F46E2 /* Pods-TuSouSou.debug.xcconfig */;
			buildSettings = {
				ASSETCATALOG_COMPILER_APPICON_NAME = AppIcon;
				CLANG_ENABLE_MODULES = YES;
				CODE_SIGN_ENTITLEMENTS = TuSouSou/TuSouSou.entitlements;
				CODE_SIGN_STYLE = Automatic;
				DEVELOPMENT_TEAM = GP8BUACAG4;
				GCC_INPUT_FILETYPE = sourcecode.cpp.objcpp;
				INFOPLIST_FILE = TuSouSou/Info.plist;
				IPHONEOS_DEPLOYMENT_TARGET = 8.0;
				LD_RUNPATH_SEARCH_PATHS = "$(inherited) @executable_path/Frameworks";
				PRODUCT_BUNDLE_IDENTIFIER = Aipuyifeng.TuSouSou;
				PRODUCT_NAME = "$(TARGET_NAME)";
				SWIFT_OBJC_BRIDGING_HEADER = "TuSouSou/OC-Swift桥连接/TuSouSou-Bridging-Header.h";
				SWIFT_OPTIMIZATION_LEVEL = "-Onone";
				SWIFT_VERSION = 4.0;
				TARGETED_DEVICE_FAMILY = 1;
			};
			name = Debug;
		};
		0F9875BD2044E72F00C34111 /* Release */ = {
			isa = XCBuildConfiguration;
			baseConfigurationReference = 461B93E68B998FB59970634D /* Pods-TuSouSou.release.xcconfig */;
			buildSettings = {
				ASSETCATALOG_COMPILER_APPICON_NAME = AppIcon;
				CLANG_ENABLE_MODULES = YES;
				CODE_SIGN_ENTITLEMENTS = TuSouSou/TuSouSou.entitlements;
				CODE_SIGN_STYLE = Automatic;
				DEVELOPMENT_TEAM = GP8BUACAG4;
				GCC_INPUT_FILETYPE = sourcecode.cpp.objcpp;
				INFOPLIST_FILE = TuSouSou/Info.plist;
				IPHONEOS_DEPLOYMENT_TARGET = 8.0;
				LD_RUNPATH_SEARCH_PATHS = "$(inherited) @executable_path/Frameworks";
				PRODUCT_BUNDLE_IDENTIFIER = Aipuyifeng.TuSouSou;
				PRODUCT_NAME = "$(TARGET_NAME)";
				SWIFT_OBJC_BRIDGING_HEADER = "TuSouSou/OC-Swift桥连接/TuSouSou-Bridging-Header.h";
				SWIFT_VERSION = 4.0;
				TARGETED_DEVICE_FAMILY = 1;
			};
			name = Release;
		};
		0F9875BF2044E72F00C34111 /* Debug */ = {
			isa = XCBuildConfiguration;
			buildSettings = {
				ALWAYS_EMBED_SWIFT_STANDARD_LIBRARIES = YES;
				BUNDLE_LOADER = "$(TEST_HOST)";
				CODE_SIGN_STYLE = Automatic;
				DEVELOPMENT_TEAM = GP8BUACAG4;
				INFOPLIST_FILE = TuSouSouTests/Info.plist;
				LD_RUNPATH_SEARCH_PATHS = "$(inherited) @executable_path/Frameworks @loader_path/Frameworks";
				PRODUCT_BUNDLE_IDENTIFIER = Aipuyifeng.TuSouSouTests;
				PRODUCT_NAME = "$(TARGET_NAME)";
				SWIFT_VERSION = 4.0;
				TARGETED_DEVICE_FAMILY = "1,2";
				TEST_HOST = "$(BUILT_PRODUCTS_DIR)/TuSouSou.app/TuSouSou";
			};
			name = Debug;
		};
		0F9875C02044E72F00C34111 /* Release */ = {
			isa = XCBuildConfiguration;
			buildSettings = {
				ALWAYS_EMBED_SWIFT_STANDARD_LIBRARIES = YES;
				BUNDLE_LOADER = "$(TEST_HOST)";
				CODE_SIGN_STYLE = Automatic;
				DEVELOPMENT_TEAM = GP8BUACAG4;
				INFOPLIST_FILE = TuSouSouTests/Info.plist;
				LD_RUNPATH_SEARCH_PATHS = "$(inherited) @executable_path/Frameworks @loader_path/Frameworks";
				PRODUCT_BUNDLE_IDENTIFIER = Aipuyifeng.TuSouSouTests;
				PRODUCT_NAME = "$(TARGET_NAME)";
				SWIFT_VERSION = 4.0;
				TARGETED_DEVICE_FAMILY = "1,2";
				TEST_HOST = "$(BUILT_PRODUCTS_DIR)/TuSouSou.app/TuSouSou";
			};
			name = Release;
		};
		0F9875C22044E72F00C34111 /* Debug */ = {
			isa = XCBuildConfiguration;
			buildSettings = {
				ALWAYS_EMBED_SWIFT_STANDARD_LIBRARIES = YES;
				CODE_SIGN_STYLE = Automatic;
				DEVELOPMENT_TEAM = GP8BUACAG4;
				INFOPLIST_FILE = TuSouSouUITests/Info.plist;
				LD_RUNPATH_SEARCH_PATHS = "$(inherited) @executable_path/Frameworks @loader_path/Frameworks";
				PRODUCT_BUNDLE_IDENTIFIER = Aipuyifeng.TuSouSouUITests;
				PRODUCT_NAME = "$(TARGET_NAME)";
				SWIFT_VERSION = 4.0;
				TARGETED_DEVICE_FAMILY = "1,2";
				TEST_TARGET_NAME = TuSouSou;
			};
			name = Debug;
		};
		0F9875C32044E72F00C34111 /* Release */ = {
			isa = XCBuildConfiguration;
			buildSettings = {
				ALWAYS_EMBED_SWIFT_STANDARD_LIBRARIES = YES;
				CODE_SIGN_STYLE = Automatic;
				DEVELOPMENT_TEAM = GP8BUACAG4;
				INFOPLIST_FILE = TuSouSouUITests/Info.plist;
				LD_RUNPATH_SEARCH_PATHS = "$(inherited) @executable_path/Frameworks @loader_path/Frameworks";
				PRODUCT_BUNDLE_IDENTIFIER = Aipuyifeng.TuSouSouUITests;
				PRODUCT_NAME = "$(TARGET_NAME)";
				SWIFT_VERSION = 4.0;
				TARGETED_DEVICE_FAMILY = "1,2";
				TEST_TARGET_NAME = TuSouSou;
			};
			name = Release;
		};
/* End XCBuildConfiguration section */

/* Begin XCConfigurationList section */
		0F98758E2044E72E00C34111 /* Build configuration list for PBXProject "TuSouSou" */ = {
			isa = XCConfigurationList;
			buildConfigurations = (
				0F9875B92044E72F00C34111 /* Debug */,
				0F9875BA2044E72F00C34111 /* Release */,
			);
			defaultConfigurationIsVisible = 0;
			defaultConfigurationName = Release;
		};
		0F9875BB2044E72F00C34111 /* Build configuration list for PBXNativeTarget "TuSouSou" */ = {
			isa = XCConfigurationList;
			buildConfigurations = (
				0F9875BC2044E72F00C34111 /* Debug */,
				0F9875BD2044E72F00C34111 /* Release */,
			);
			defaultConfigurationIsVisible = 0;
			defaultConfigurationName = Release;
		};
		0F9875BE2044E72F00C34111 /* Build configuration list for PBXNativeTarget "TuSouSouTests" */ = {
			isa = XCConfigurationList;
			buildConfigurations = (
				0F9875BF2044E72F00C34111 /* Debug */,
				0F9875C02044E72F00C34111 /* Release */,
			);
			defaultConfigurationIsVisible = 0;
			defaultConfigurationName = Release;
		};
		0F9875C12044E72F00C34111 /* Build configuration list for PBXNativeTarget "TuSouSouUITests" */ = {
			isa = XCConfigurationList;
			buildConfigurations = (
				0F9875C22044E72F00C34111 /* Debug */,
				0F9875C32044E72F00C34111 /* Release */,
			);
			defaultConfigurationIsVisible = 0;
			defaultConfigurationName = Release;
		};
/* End XCConfigurationList section */
	};
	rootObject = 0F98758B2044E72E00C34111 /* Project object */;
}
